Microsoft Visual Studio Solution File, Format Version 11.00
# Visual Studio 2010
Project("{F184B08F-C81C-45F6-A57F-5ABD9991F28F}") = "SilverlightReports", "SilverlightReports\SilverlightReports.vbproj", "{AA0CAF8D-D4FE-455A-AB06-22E23AFEC6C5}"
EndProject
Project("{F184B08F-C81C-45F6-A57F-5ABD9991F28F}") = "SilverlightReports.Web", "SilverlightReports.Web\SilverlightReports.Web.vbproj", "{0E47EFEE-E107-4E08-AABC-0422F01A7EFE}"
EndProject
Project("{F184B08F-C81C-45F6-A57F-5ABD9991F28F}") = "Reports", "Reports\Reports.vbproj", "{5E014BC0-F61E-49C0-9B0D-CEFE8D00375E}"
EndProject
Global
	GlobalSection(SolutionConfigurationPlatforms) = preSolution
		Debug|Any CPU = Debug|Any CPU
		Release|Any CPU = Release|Any CPU
	EndGlobalSection
	GlobalSection(ProjectConfigurationPlatforms) = postSolution
		{AA0CAF8D-D4FE-455A-AB06-22E23AFEC6C5}.Debug|Any CPU.ActiveCfg = Debug|Any CPU
		{AA0CAF8D-D4FE-455A-AB06-22E23AFEC6C5}.Debug|Any CPU.Build.0 = Debug|Any CPU
		{AA0CAF8D-D4FE-455A-AB06-22E23AFEC6C5}.Release|Any CPU.ActiveCfg = Release|Any CPU
		{AA0CAF8D-D4FE-455A-AB06-22E23AFEC6C5}.Release|Any CPU.Build.0 = Release|Any CPU
		{0E47EFEE-E107-4E08-AABC-0422F01A7EFE}.Debug|Any CPU.ActiveCfg = Debug|Any CPU
		{0E47EFEE-E107-4E08-AABC-0422F01A7EFE}.Debug|Any CPU.Build.0 = Debug|Any CPU
		{0E47EFEE-E107-4E08-AABC-0422F01A7EFE}.Release|Any CPU.ActiveCfg = Release|Any CPU
		{0E47EFEE-E107-4E08-AABC-0422F01A7EFE}.Release|Any CPU.Build.0 = Release|Any CPU
		{5E014BC0-F61E-49C0-9B0D-CEFE8D00375E}.Debug|Any CPU.ActiveCfg = Debug|Any CPU
		{5E014BC0-F61E-49C0-9B0D-CEFE8D00375E}.Debug|Any CPU.Build.0 = Debug|Any CPU
		{5E014BC0-F61E-49C0-9B0D-CEFE8D00375E}.Release|Any CPU.ActiveCfg = Release|Any CPU
		{5E014BC0-F61E-49C0-9B0D-CEFE8D00375E}.Release|Any CPU.Build.0 = Release|Any CPU
	EndGlobalSection
	GlobalSection(SolutionProperties) = preSolution
		HideSolutionNode = FALSE
	EndGlobalSection
EndGlobal
